
Microsoft Visual Studio Solution File, Format Version 12.00
# Visual Studio Version 17
VisualStudioVersion = 17.4.33213.308
MinimumVisualStudioVersion = 10.0.40219.1
Project("{9A19103F-16F7-4668-BE54-9A1E7A4F7556}") = "TestWebApplication1", "TestWebApplication1\TestWebApplication1.csproj", "{E85E100D-823D-4398-8DC1-D8624753ABB5}"
EndProject
Project("{9A19103F-16F7-4668-BE54-9A1E7A4F7556}") = "TestWebApplication2", "TestWebApplication2\TestWebApplication2.csproj", "{812CF5C0-E6B3-4D45-AD0B-9EBC327D4BA6}"
EndProject
Project("{FAE04EC0-301F-11D3-BF4B-00C04F79EFBC}") = "SharedDependencies", "SharedDependencies\SharedDependencies.csproj", "{3FDBB8C9-156F-4204-AA65-DF45AD419B5F}"
EndProject
Global
	GlobalSection(SolutionConfigurationPlatforms) = preSolution
		Debug|Any CPU = Debug|Any CPU
		Release|Any CPU = Release|Any CPU
	EndGlobalSection
	GlobalSection(ProjectConfigurationPlatforms) = postSolution
		{E85E100D-823D-4398-8DC1-D8624753ABB5}.Debug|Any CPU.ActiveCfg = Debug|Any CPU
		{E85E100D-823D-4398-8DC1-D8624753ABB5}.Debug|Any CPU.Build.0 = Debug|Any CPU
		{E85E100D-823D-4398-8DC1-D8624753ABB5}.Release|Any CPU.ActiveCfg = Release|Any CPU
		{E85E100D-823D-4398-8DC1-D8624753ABB5}.Release|Any CPU.Build.0 = Release|Any CPU
		{812CF5C0-E6B3-4D45-AD0B-9EBC327D4BA6}.Debug|Any CPU.ActiveCfg = Debug|Any CPU
		{812CF5C0-E6B3-4D45-AD0B-9EBC327D4BA6}.Debug|Any CPU.Build.0 = Debug|Any CPU
		{812CF5C0-E6B3-4D45-AD0B-9EBC327D4BA6}.Release|Any CPU.ActiveCfg = Release|Any CPU
		{812CF5C0-E6B3-4D45-AD0B-9EBC327D4BA6}.Release|Any CPU.Build.0 = Release|Any CPU
		{3FDBB8C9-156F-4204-AA65-DF45AD419B5F}.Debug|Any CPU.ActiveCfg = Debug|Any CPU
		{3FDBB8C9-156F-4204-AA65-DF45AD419B5F}.Debug|Any CPU.Build.0 = Debug|Any CPU
		{3FDBB8C9-156F-4204-AA65-DF45AD419B5F}.Release|Any CPU.ActiveCfg = Release|Any CPU
		{3FDBB8C9-156F-4204-AA65-DF45AD419B5F}.Release|Any CPU.Build.0 = Release|Any CPU
	EndGlobalSection
	GlobalSection(SolutionProperties) = preSolution
		HideSolutionNode = FALSE
	EndGlobalSection
	GlobalSection(ExtensibilityGlobals) = postSolution
		SolutionGuid = {D31600F4-EA41-4C9E-9F36-7A726D0AF73A}
	EndGlobalSection
EndGlobal
